
Microsoft Visual Studio Solution File, Format Version 12.00
# Visual Studio Version 16
VisualStudioVersion = 16.0.29409.12
MinimumVisualStudioVersion = 10.0.40219.1
Project("{9A19103F-16F7-4668-BE54-9A1E7A4F7556}") = "LibraryProject", "LibraryProject\LibraryProject.csproj", "{E20BF4A4-05C3-4441-A874-B4E59349D32F}"
EndProject
Project("{9A19103F-16F7-4668-BE54-9A1E7A4F7556}") = "Library.Library", "Library.Library\Library.Library.csproj", "{7480F913-F097-46BF-A494-F606E80F749F}"
EndProject
Project("{9A19103F-16F7-4668-BE54-9A1E7A4F7556}") = "Library.User", "Library.User\Library.User.csproj", "{0496D34A-7290-46AA-918A-98FD97C70CA8}"
EndProject
Project("{FAE04EC0-301F-11D3-BF4B-00C04F79EFBC}") = "Library.Core", "Library.Core\Library.Core.csproj", "{22E9EA57-FC73-4232-A44A-58BD62C1B379}"
EndProject
Global
	GlobalSection(SolutionConfigurationPlatforms) = preSolution
		Debug|Any CPU = Debug|Any CPU
		Release|Any CPU = Release|Any CPU
	EndGlobalSection
	GlobalSection(ProjectConfigurationPlatforms) = postSolution
		{E20BF4A4-05C3-4441-A874-B4E59349D32F}.Debug|Any CPU.ActiveCfg = Debug|Any CPU
		{E20BF4A4-05C3-4441-A874-B4E59349D32F}.Debug|Any CPU.Build.0 = Debug|Any CPU
		{E20BF4A4-05C3-4441-A874-B4E59349D32F}.Release|Any CPU.ActiveCfg = Release|Any CPU
		{E20BF4A4-05C3-4441-A874-B4E59349D32F}.Release|Any CPU.Build.0 = Release|Any CPU
		{7480F913-F097-46BF-A494-F606E80F749F}.Debug|Any CPU.ActiveCfg = Debug|Any CPU
		{7480F913-F097-46BF-A494-F606E80F749F}.Debug|Any CPU.Build.0 = Debug|Any CPU
		{7480F913-F097-46BF-A494-F606E80F749F}.Release|Any CPU.ActiveCfg = Release|Any CPU
		{7480F913-F097-46BF-A494-F606E80F749F}.Release|Any CPU.Build.0 = Release|Any CPU
		{0496D34A-7290-46AA-918A-98FD97C70CA8}.Debug|Any CPU.ActiveCfg = Debug|Any CPU
		{0496D34A-7290-46AA-918A-98FD97C70CA8}.Debug|Any CPU.Build.0 = Debug|Any CPU
		{0496D34A-7290-46AA-918A-98FD97C70CA8}.Release|Any CPU.ActiveCfg = Release|Any CPU
		{0496D34A-7290-46AA-918A-98FD97C70CA8}.Release|Any CPU.Build.0 = Release|Any CPU
		{22E9EA57-FC73-4232-A44A-58BD62C1B379}.Debug|Any CPU.ActiveCfg = Debug|Any CPU
		{22E9EA57-FC73-4232-A44A-58BD62C1B379}.Debug|Any CPU.Build.0 = Debug|Any CPU
		{22E9EA57-FC73-4232-A44A-58BD62C1B379}.Release|Any CPU.ActiveCfg = Release|Any CPU
		{22E9EA57-FC73-4232-A44A-58BD62C1B379}.Release|Any CPU.Build.0 = Release|Any CPU
	EndGlobalSection
	GlobalSection(SolutionProperties) = preSolution
		HideSolutionNode = FALSE
	EndGlobalSection
	GlobalSection(ExtensibilityGlobals) = postSolution
		SolutionGuid = {A2CB1DC8-F16E-4E61-A7FA-C234F3D09E05}
	EndGlobalSection
EndGlobal
